
Microsoft Visual Studio Solution File, Format Version 12.00
# Visual Studio Version 17
VisualStudioVersion = 17.4.33213.308
MinimumVisualStudioVersion = 10.0.40219.1
Project("{2150E333-8FDC-42A3-9474-1A3956D46DE8}") = "tests", "tests", "{E41FD9F6-0590-422E-B6C0-0EA7A2189511}"
EndProject
Project("{2150E333-8FDC-42A3-9474-1A3956D46DE8}") = "src", "src", "{94F30F56-5BA5-444A-A3DC-B6B9B50FD0D6}"
EndProject
Project("{2150E333-8FDC-42A3-9474-1A3956D46DE8}") = "Domain", "Domain", "{F244990F-B2D4-4D66-8D0B-5D0E127645A4}"
EndProject
Project("{2150E333-8FDC-42A3-9474-1A3956D46DE8}") = "DataAccess", "DataAccess", "{0ABF2798-642C-489B-BFA3-E3BB5E235200}"
EndProject
Project("{2150E333-8FDC-42A3-9474-1A3956D46DE8}") = "Api", "Api", "{C90FFF4C-02FF-4AD3-8312-1FC1618D0892}"
EndProject
Project("{2150E333-8FDC-42A3-9474-1A3956D46DE8}") = "Api", "Api", "{763FA624-F7A6-4B8D-87FA-DDE4D11F68DE}"
EndProject
Project("{2150E333-8FDC-42A3-9474-1A3956D46DE8}") = "DataAccess", "DataAccess", "{44AFF2D0-4D2D-4B6D-BC27-3720BBD0D166}"
EndProject
Project("{2150E333-8FDC-42A3-9474-1A3956D46DE8}") = "Domain", "Domain", "{446CC666-B4EE-43A3-9E51-B8ECA9483CF9}"
EndProject
Project("{9A19103F-16F7-4668-BE54-9A1E7A4F7556}") = "AlabasterTodo.Api", "AlabasterTodo.Api\AlabasterTodo.Api.csproj", "{3745EA3C-B1DD-4C40-8C2E-AE51E529B32F}"
EndProject
Project("{9A19103F-16F7-4668-BE54-9A1E7A4F7556}") = "AlabasterTodo.DataAccess", "AlabasterTodo.DataAccess\AlabasterTodo.DataAccess.csproj", "{0FC4B191-A398-41F8-AD09-81670263C368}"
EndProject
Project("{9A19103F-16F7-4668-BE54-9A1E7A4F7556}") = "AlabasterTodo.Domain", "AlabasterTodo.Domain\AlabasterTodo.Domain.csproj", "{47CF7AA5-DC4D-478E-ACC5-F3C5992FCBB4}"
EndProject
Project("{9A19103F-16F7-4668-BE54-9A1E7A4F7556}") = "AlabasterTodo.DataAccess.Tests", "AlabasterTodo.DataAccess.Tests\AlabasterTodo.DataAccess.Tests.csproj", "{10783420-043B-4AFE-AC36-DB00EEB310DB}"
EndProject
Project("{9A19103F-16F7-4668-BE54-9A1E7A4F7556}") = "AlabasterTodo.Domain.Tests", "AlabasterTodo.Domain.Tests\AlabasterTodo.Domain.Tests.csproj", "{876A6738-FCB0-445A-9ADE-5E925E98A338}"
EndProject
Project("{9A19103F-16F7-4668-BE54-9A1E7A4F7556}") = "AlabasterTodo.Api.Tests", "AlabasterTodo.Api.Tests\AlabasterTodo.Api.Tests.csproj", "{F634A601-2EB5-4417-93B7-BD7B35211F8C}"
EndProject
Project("{2150E333-8FDC-42A3-9474-1A3956D46DE8}") = "Mobile", "Mobile", "{DB8587B0-3DDF-4D50-8E6D-BBBE37863A57}"
EndProject
Global
	GlobalSection(SolutionConfigurationPlatforms) = preSolution
		Debug|Any CPU = Debug|Any CPU
		Debug|iPhone = Debug|iPhone
		Debug|iPhoneSimulator = Debug|iPhoneSimulator
		Release|Any CPU = Release|Any CPU
		Release|iPhone = Release|iPhone
		Release|iPhoneSimulator = Release|iPhoneSimulator
	EndGlobalSection
	GlobalSection(ProjectConfigurationPlatforms) = postSolution
		{3745EA3C-B1DD-4C40-8C2E-AE51E529B32F}.Debug|Any CPU.ActiveCfg = Debug|Any CPU
		{3745EA3C-B1DD-4C40-8C2E-AE51E529B32F}.Debug|Any CPU.Build.0 = Debug|Any CPU
		{3745EA3C-B1DD-4C40-8C2E-AE51E529B32F}.Debug|iPhone.ActiveCfg = Debug|Any CPU
		{3745EA3C-B1DD-4C40-8C2E-AE51E529B32F}.Debug|iPhone.Build.0 = Debug|Any CPU
		{3745EA3C-B1DD-4C40-8C2E-AE51E529B32F}.Debug|iPhoneSimulator.ActiveCfg = Debug|Any CPU
		{3745EA3C-B1DD-4C40-8C2E-AE51E529B32F}.Debug|iPhoneSimulator.Build.0 = Debug|Any CPU
		{3745EA3C-B1DD-4C40-8C2E-AE51E529B32F}.Release|Any CPU.ActiveCfg = Release|Any CPU
		{3745EA3C-B1DD-4C40-8C2E-AE51E529B32F}.Release|Any CPU.Build.0 = Release|Any CPU
		{3745EA3C-B1DD-4C40-8C2E-AE51E529B32F}.Release|iPhone.ActiveCfg = Release|Any CPU
		{3745EA3C-B1DD-4C40-8C2E-AE51E529B32F}.Release|iPhone.Build.0 = Release|Any CPU
		{3745EA3C-B1DD-4C40-8C2E-AE51E529B32F}.Release|iPhoneSimulator.ActiveCfg = Release|Any CPU
		{3745EA3C-B1DD-4C40-8C2E-AE51E529B32F}.Release|iPhoneSimulator.Build.0 = Release|Any CPU
		{0FC4B191-A398-41F8-AD09-81670263C368}.Debug|Any CPU.ActiveCfg = Debug|Any CPU
		{0FC4B191-A398-41F8-AD09-81670263C368}.Debug|Any CPU.Build.0 = Debug|Any CPU
		{0FC4B191-A398-41F8-AD09-81670263C368}.Debug|iPhone.ActiveCfg = Debug|Any CPU
		{0FC4B191-A398-41F8-AD09-81670263C368}.Debug|iPhone.Build.0 = Debug|Any CPU
		{0FC4B191-A398-41F8-AD09-81670263C368}.Debug|iPhoneSimulator.ActiveCfg = Debug|Any CPU
		{0FC4B191-A398-41F8-AD09-81670263C368}.Debug|iPhoneSimulator.Build.0 = Debug|Any CPU
		{0FC4B191-A398-41F8-AD09-81670263C368}.Release|Any CPU.ActiveCfg = Release|Any CPU
		{0FC4B191-A398-41F8-AD09-81670263C368}.Release|Any CPU.Build.0 = Release|Any CPU
		{0FC4B191-A398-41F8-AD09-81670263C368}.Release|iPhone.ActiveCfg = Release|Any CPU
		{0FC4B191-A398-41F8-AD09-81670263C368}.Release|iPhone.Build.0 = Release|Any CPU
		{0FC4B191-A398-41F8-AD09-81670263C368}.Release|iPhoneSimulator.ActiveCfg = Release|Any CPU
		{0FC4B191-A398-41F8-AD09-81670263C368}.Release|iPhoneSimulator.Build.0 = Release|Any CPU
		{47CF7AA5-DC4D-478E-ACC5-F3C5992FCBB4}.Debug|Any CPU.ActiveCfg = Debug|Any CPU
		{47CF7AA5-DC4D-478E-ACC5-F3C5992FCBB4}.Debug|Any CPU.Build.0 = Debug|Any CPU
		{47CF7AA5-DC4D-478E-ACC5-F3C5992FCBB4}.Debug|iPhone.ActiveCfg = Debug|Any CPU
		{47CF7AA5-DC4D-478E-ACC5-F3C5992FCBB4}.Debug|iPhone.Build.0 = Debug|Any CPU
		{47CF7AA5-DC4D-478E-ACC5-F3C5992FCBB4}.Debug|iPhoneSimulator.ActiveCfg = Debug|Any CPU
		{47CF7AA5-DC4D-478E-ACC5-F3C5992FCBB4}.Debug|iPhoneSimulator.Build.0 = Debug|Any CPU
		{47CF7AA5-DC4D-478E-ACC5-F3C5992FCBB4}.Release|Any CPU.ActiveCfg = Release|Any CPU
		{47CF7AA5-DC4D-478E-ACC5-F3C5992FCBB4}.Release|Any CPU.Build.0 = Release|Any CPU
		{47CF7AA5-DC4D-478E-ACC5-F3C5992FCBB4}.Release|iPhone.ActiveCfg = Release|Any CPU
		{47CF7AA5-DC4D-478E-ACC5-F3C5992FCBB4}.Release|iPhone.Build.0 = Release|Any CPU
		{47CF7AA5-DC4D-478E-ACC5-F3C5992FCBB4}.Release|iPhoneSimulator.ActiveCfg = Release|Any CPU
		{47CF7AA5-DC4D-478E-ACC5-F3C5992FCBB4}.Release|iPhoneSimulator.Build.0 = Release|Any CPU
		{10783420-043B-4AFE-AC36-DB00EEB310DB}.Debug|Any CPU.ActiveCfg = Debug|Any CPU
		{10783420-043B-4AFE-AC36-DB00EEB310DB}.Debug|Any CPU.Build.0 = Debug|Any CPU
		{10783420-043B-4AFE-AC36-DB00EEB310DB}.Debug|iPhone.ActiveCfg = Debug|Any CPU
		{10783420-043B-4AFE-AC36-DB00EEB310DB}.Debug|iPhone.Build.0 = Debug|Any CPU
		{10783420-043B-4AFE-AC36-DB00EEB310DB}.Debug|iPhoneSimulator.ActiveCfg = Debug|Any CPU
		{10783420-043B-4AFE-AC36-DB00EEB310DB}.Debug|iPhoneSimulator.Build.0 = Debug|Any CPU
		{10783420-043B-4AFE-AC36-DB00EEB310DB}.Release|Any CPU.ActiveCfg = Release|Any CPU
		{10783420-043B-4AFE-AC36-DB00EEB310DB}.Release|Any CPU.Build.0 = Release|Any CPU
		{10783420-043B-4AFE-AC36-DB00EEB310DB}.Release|iPhone.ActiveCfg = Release|Any CPU
		{10783420-043B-4AFE-AC36-DB00EEB310DB}.Release|iPhone.Build.0 = Release|Any CPU
		{10783420-043B-4AFE-AC36-DB00EEB310DB}.Release|iPhoneSimulator.ActiveCfg = Release|Any CPU
		{10783420-043B-4AFE-AC36-DB00EEB310DB}.Release|iPhoneSimulator.Build.0 = Release|Any CPU
		{876A6738-FCB0-445A-9ADE-5E925E98A338}.Debug|Any CPU.ActiveCfg = Debug|Any CPU
		{876A6738-FCB0-445A-9ADE-5E925E98A338}.Debug|Any CPU.Build.0 = Debug|Any CPU
		{876A6738-FCB0-445A-9ADE-5E925E98A338}.Debug|iPhone.ActiveCfg = Debug|Any CPU
		{876A6738-FCB0-445A-9ADE-5E925E98A338}.Debug|iPhone.Build.0 = Debug|Any CPU
		{876A6738-FCB0-445A-9ADE-5E925E98A338}.Debug|iPhoneSimulator.ActiveCfg = Debug|Any CPU
		{876A6738-FCB0-445A-9ADE-5E925E98A338}.Debug|iPhoneSimulator.Build.0 = Debug|Any CPU
		{876A6738-FCB0-445A-9ADE-5E925E98A338}.Release|Any CPU.ActiveCfg = Release|Any CPU
		{876A6738-FCB0-445A-9ADE-5E925E98A338}.Release|Any CPU.Build.0 = Release|Any CPU
		{876A6738-FCB0-445A-9ADE-5E925E98A338}.Release|iPhone.ActiveCfg = Release|Any CPU
		{876A6738-FCB0-445A-9ADE-5E925E98A338}.Release|iPhone.Build.0 = Release|Any CPU
		{876A6738-FCB0-445A-9ADE-5E925E98A338}.Release|iPhoneSimulator.ActiveCfg = Release|Any CPU
		{876A6738-FCB0-445A-9ADE-5E925E98A338}.Release|iPhoneSimulator.Build.0 = Release|Any CPU
		{F634A601-2EB5-4417-93B7-BD7B35211F8C}.Debug|Any CPU.ActiveCfg = Debug|Any CPU
		{F634A601-2EB5-4417-93B7-BD7B35211F8C}.Debug|Any CPU.Build.0 = Debug|Any CPU
		{F634A601-2EB5-4417-93B7-BD7B35211F8C}.Debug|iPhone.ActiveCfg = Debug|Any CPU
		{F634A601-2EB5-4417-93B7-BD7B35211F8C}.Debug|iPhone.Build.0 = Debug|Any CPU
		{F634A601-2EB5-4417-93B7-BD7B35211F8C}.Debug|iPhoneSimulator.ActiveCfg = Debug|Any CPU
		{F634A601-2EB5-4417-93B7-BD7B35211F8C}.Debug|iPhoneSimulator.Build.0 = Debug|Any CPU
		{F634A601-2EB5-4417-93B7-BD7B35211F8C}.Release|Any CPU.ActiveCfg = Release|Any CPU
		{F634A601-2EB5-4417-93B7-BD7B35211F8C}.Release|Any CPU.Build.0 = Release|Any CPU
		{F634A601-2EB5-4417-93B7-BD7B35211F8C}.Release|iPhone.ActiveCfg = Release|Any CPU
		{F634A601-2EB5-4417-93B7-BD7B35211F8C}.Release|iPhone.Build.0 = Release|Any CPU
		{F634A601-2EB5-4417-93B7-BD7B35211F8C}.Release|iPhoneSimulator.ActiveCfg = Release|Any CPU
		{F634A601-2EB5-4417-93B7-BD7B35211F8C}.Release|iPhoneSimulator.Build.0 = Release|Any CPU
	EndGlobalSection
	GlobalSection(SolutionProperties) = preSolution
		HideSolutionNode = FALSE
	EndGlobalSection
	GlobalSection(NestedProjects) = preSolution
		{F244990F-B2D4-4D66-8D0B-5D0E127645A4} = {94F30F56-5BA5-444A-A3DC-B6B9B50FD0D6}
		{0ABF2798-642C-489B-BFA3-E3BB5E235200} = {94F30F56-5BA5-444A-A3DC-B6B9B50FD0D6}
		{C90FFF4C-02FF-4AD3-8312-1FC1618D0892} = {94F30F56-5BA5-444A-A3DC-B6B9B50FD0D6}
		{763FA624-F7A6-4B8D-87FA-DDE4D11F68DE} = {E41FD9F6-0590-422E-B6C0-0EA7A2189511}
		{44AFF2D0-4D2D-4B6D-BC27-3720BBD0D166} = {E41FD9F6-0590-422E-B6C0-0EA7A2189511}
		{446CC666-B4EE-43A3-9E51-B8ECA9483CF9} = {E41FD9F6-0590-422E-B6C0-0EA7A2189511}
		{3745EA3C-B1DD-4C40-8C2E-AE51E529B32F} = {C90FFF4C-02FF-4AD3-8312-1FC1618D0892}
		{0FC4B191-A398-41F8-AD09-81670263C368} = {0ABF2798-642C-489B-BFA3-E3BB5E235200}
		{47CF7AA5-DC4D-478E-ACC5-F3C5992FCBB4} = {F244990F-B2D4-4D66-8D0B-5D0E127645A4}
		{10783420-043B-4AFE-AC36-DB00EEB310DB} = {44AFF2D0-4D2D-4B6D-BC27-3720BBD0D166}
		{876A6738-FCB0-445A-9ADE-5E925E98A338} = {446CC666-B4EE-43A3-9E51-B8ECA9483CF9}
		{F634A601-2EB5-4417-93B7-BD7B35211F8C} = {763FA624-F7A6-4B8D-87FA-DDE4D11F68DE}
		{DB8587B0-3DDF-4D50-8E6D-BBBE37863A57} = {E41FD9F6-0590-422E-B6C0-0EA7A2189511}
	EndGlobalSection
	GlobalSection(ExtensibilityGlobals) = postSolution
		SolutionGuid = {563C0275-1EC1-480F-81A0-25C249BAF8D3}
	EndGlobalSection
EndGlobal
